
Microsoft Visual Studio Solution File, Format Version 12.00
# Visual Studio Version 17
VisualStudioVersion = 17.9.34622.214
MinimumVisualStudioVersion = 10.0.40219.1
Project("{9A19103F-16F7-4668-BE54-9A1E7A4F7556}") = "lab7", "lab7\lab7.csproj", "{DBACAE29-0EC4-4AD6-92DC-915E03049E34}"
EndProject
Project("{9A19103F-16F7-4668-BE54-9A1E7A4F7556}") = "lab7.Desktop", "lab7.Desktop\lab7.Desktop.csproj", "{3ADD1508-AD2B-420D-A388-380AB99C9079}"
EndProject
Global
	GlobalSection(SolutionConfigurationPlatforms) = preSolution
		Debug|Any CPU = Debug|Any CPU
		Release|Any CPU = Release|Any CPU
	EndGlobalSection
	GlobalSection(ProjectConfigurationPlatforms) = postSolution
		{DBACAE29-0EC4-4AD6-92DC-915E03049E34}.Debug|Any CPU.ActiveCfg = Debug|Any CPU
		{DBACAE29-0EC4-4AD6-92DC-915E03049E34}.Debug|Any CPU.Build.0 = Debug|Any CPU
		{DBACAE29-0EC4-4AD6-92DC-915E03049E34}.Release|Any CPU.ActiveCfg = Release|Any CPU
		{DBACAE29-0EC4-4AD6-92DC-915E03049E34}.Release|Any CPU.Build.0 = Release|Any CPU
		{3ADD1508-AD2B-420D-A388-380AB99C9079}.Debug|Any CPU.ActiveCfg = Debug|Any CPU
		{3ADD1508-AD2B-420D-A388-380AB99C9079}.Debug|Any CPU.Build.0 = Debug|Any CPU
		{3ADD1508-AD2B-420D-A388-380AB99C9079}.Release|Any CPU.ActiveCfg = Release|Any CPU
		{3ADD1508-AD2B-420D-A388-380AB99C9079}.Release|Any CPU.Build.0 = Release|Any CPU
	EndGlobalSection
	GlobalSection(SolutionProperties) = preSolution
		HideSolutionNode = FALSE
	EndGlobalSection
	GlobalSection(ExtensibilityGlobals) = postSolution
		SolutionGuid = {F85CF9F8-1C2F-494C-AE8C-349911475648}
	EndGlobalSection
EndGlobal
